PODS:
  - Alamofire (5.6.1)
  - Cosmos (23.0.0)
  - Reusable (4.1.2):
    - Reusable/Storyboard (= 4.1.2)
    - Reusable/View (= 4.1.2)
  - Reusable/Storyboard (4.1.2)
  - Reusable/View (4.1.2)
  - SwiftyJSON (5.0.1)

DEPENDENCIES:
  - Alamofire
  - Cosmos (~> 23.0)
  - Reusable
  - SwiftyJSON

SPEC REPOS:
  trunk:
    - Alamofire
    - Cosmos
    - Reusable
    - SwiftyJSON

SPEC CHECKSUMS:
  Alamofire: 87bd8c952f9a4454320fce00d9cc3de57bcadaf5
  Cosmos: b5c6a9a637e28a061b54c8f8b1d8529d7d4db73f
  Reusable: 6bae6a5e8aa793c9c441db0213c863a64bce9136
  SwiftyJSON: 2f33a42c6fbc52764d96f13368585094bfd8aa5e

PODFILE CHECKSUM: b58ab22864dcb32d748c92516160b2ba60e9c9cd

COCOAPODS: 1.11.2
